
Microsoft Visual Studio Solution File, Format Version 12.00
# Visual Studio 15
VisualStudioVersion = 15.0.28010.2050
MinimumVisualStudioVersion = 10.0.40219.1
Project("{FAE04EC0-301F-11D3-BF4B-00C04F79EFBC}") = "BIOv2", "BIOv2\BIOv2.csproj", "{5A21E8A0-5F80-49C6-9CD4-CC43D3C7FD58}"
EndProject
Global
	GlobalSection(SolutionConfigurationPlatforms) = preSolution
		Debug|Any CPU = Debug|Any CPU
		Release|Any CPU = Release|Any CPU
	EndGlobalSection
	GlobalSection(ProjectConfigurationPlatforms) = postSolution
		{5A21E8A0-5F80-49C6-9CD4-CC43D3C7FD58}.Debug|Any CPU.ActiveCfg = Debug|Any CPU
		{5A21E8A0-5F80-49C6-9CD4-CC43D3C7FD58}.Debug|Any CPU.Build.0 = Debug|Any CPU
		{5A21E8A0-5F80-49C6-9CD4-CC43D3C7FD58}.Release|Any CPU.ActiveCfg = Release|Any CPU
		{5A21E8A0-5F80-49C6-9CD4-CC43D3C7FD58}.Release|Any CPU.Build.0 = Release|Any CPU
	EndGlobalSection
	GlobalSection(SolutionProperties) = preSolution
		HideSolutionNode = FALSE
	EndGlobalSection
	GlobalSection(ExtensibilityGlobals) = postSolution
		SolutionGuid = {724C23B9-E385-49FE-AAEF-DF4AB6AC69CF}
	EndGlobalSection
EndGlobal
